
Microsoft Visual Studio Solution File, Format Version 12.00
# Visual Studio Version 16
VisualStudioVersion = 16.0.31410.357
MinimumVisualStudioVersion = 10.0.40219.1
Project("{FAE04EC0-301F-11D3-BF4B-00C04F79EFBC}") = "Credit", "Credit.csproj", "{F97916F6-0CB3-442F-8B1E-631CCB88C72B}"
EndProject
Global
	GlobalSection(SolutionConfigurationPlatforms) = preSolution
		Debug|Any CPU = Debug|Any CPU
		Release|Any CPU = Release|Any CPU
	EndGlobalSection
	GlobalSection(ProjectConfigurationPlatforms) = postSolution
		{F97916F6-0CB3-442F-8B1E-631CCB88C72B}.Debug|Any CPU.ActiveCfg = Debug|Any CPU
		{F97916F6-0CB3-442F-8B1E-631CCB88C72B}.Debug|Any CPU.Build.0 = Debug|Any CPU
		{F97916F6-0CB3-442F-8B1E-631CCB88C72B}.Release|Any CPU.ActiveCfg = Release|Any CPU
		{F97916F6-0CB3-442F-8B1E-631CCB88C72B}.Release|Any CPU.Build.0 = Release|Any CPU
	EndGlobalSection
	GlobalSection(SolutionProperties) = preSolution
		HideSolutionNode = FALSE
	EndGlobalSection
	GlobalSection(ExtensibilityGlobals) = postSolution
		SolutionGuid = {1704B598-892A-4E3D-B6C6-BA29A77EE07A}
	EndGlobalSection
EndGlobal
